FORGE
  remote: https://forgeapi.puppetlabs.com
  specs:
    camptocamp-systemd (2.6.0)
      puppetlabs-inifile (>= 1.6.0, < 4.0.0)
      puppetlabs-stdlib (>= 4.13.1, < 7.0.0)
    puppet-archive (4.1.0)
      puppetlabs-stdlib (>= 4.18.0, < 7.0.0)
    puppet-nodejs (7.0.1)
      puppetlabs-stdlib (>= 4.25.0, < 7.0.0)
    puppetlabs-apt (6.3.0)
      puppetlabs-stdlib (>= 4.16.0, < 6.0.0)
      puppetlabs-translate (>= 1.0.0, < 2.0.0)
    puppetlabs-docker (3.6.0)
      puppetlabs-apt (>= 4.4.1, < 7.0.0)
      puppetlabs-powershell (>= 2.1.4, < 3.0.0)
      puppetlabs-reboot (>= 2.0.0, < 3.0.0)
      puppetlabs-stdlib (>= 4.24.0, < 6.0.0)
      puppetlabs-translate (>= 0.0.1, < 2.0.0)
    puppetlabs-inifile (3.0.0)
      puppetlabs-translate (>= 1.0.0, < 2.0.0)
    puppetlabs-powershell (2.3.0)
    puppetlabs-reboot (2.1.2)
    puppetlabs-stdlib (5.2.0)
    puppetlabs-translate (1.2.0)
    puppetlabs-vcsrepo (3.0.0)

DEPENDENCIES
  camptocamp-systemd (= 2.6.0)
  puppet-archive (= 4.1.0)
  puppet-nodejs (= 7.0.1)
  puppetlabs-apt (= 6.3.0)
  puppetlabs-docker (= 3.6.0)
  puppetlabs-stdlib (= 5.2.0)
  puppetlabs-vcsrepo (= 3.0.0)

